
Microsoft Visual Studio Solution File, Format Version 12.00
# Visual Studio Version 17
VisualStudioVersion = 17.10.34928.147
MinimumVisualStudioVersion = 10.0.40219.1
Project("{9A19103F-16F7-4668-BE54-9A1E7A4F7556}") = "Variable", "Variable\Variable.csproj", "{41A803E1-68FE-4100-A854-EF5E776632BE}"
EndProject
Project("{9A19103F-16F7-4668-BE54-9A1E7A4F7556}") = "UseString", "UseString\UseString.csproj", "{BB7CB3A8-D386-4F96-8122-E75D309233E1}"
EndProject
Project("{9A19103F-16F7-4668-BE54-9A1E7A4F7556}") = "arrayAdvancedDemo", "arrayAdvancedDemo\arrayAdvancedDemo.csproj", "{923EDF7E-43C5-49E5-BDC2-337599C393A4}"
EndProject
Project("{9A19103F-16F7-4668-BE54-9A1E7A4F7556}") = "ArrayDemo", "ArrayDemo\ArrayDemo.csproj", "{272D6296-81A6-4838-9737-A8E484F19655}"
EndProject
Project("{9A19103F-16F7-4668-BE54-9A1E7A4F7556}") = "Challenge", "Challenge\Challenge.csproj", "{84648CB6-8731-42EE-8F51-3E56C3FA0074}"
EndProject
Project("{9A19103F-16F7-4668-BE54-9A1E7A4F7556}") = "ConditionalExercises", "ConditionalExercises\ConditionalExercises.csproj", "{F3948FD1-7750-450C-9822-2C526C4F4D85}"
EndProject
Project("{9A19103F-16F7-4668-BE54-9A1E7A4F7556}") = "DateTimeDemo", "DateTimeDemo\DateTimeDemo.csproj", "{94B3574B-18FF-41C6-8476-3871C0A1F02D}"
EndProject
Project("{9A19103F-16F7-4668-BE54-9A1E7A4F7556}") = "DebugDemo", "DebugDemo\DebugDemo.csproj", "{28FB6B9A-269A-4E96-BAAC-C07440BAE0B5}"
EndProject
Project("{9A19103F-16F7-4668-BE54-9A1E7A4F7556}") = "FirstCSharpConsoleApp", "FirstCSharpConsoleApp\FirstCSharpConsoleApp.csproj", "{759C4934-8D8B-4107-872A-51CE7BAF1D82}"
EndProject
Project("{9A19103F-16F7-4668-BE54-9A1E7A4F7556}") = "ClassDemo", "ClassDemo\ClassDemo.csproj", "{0DC6F1EA-5D5E-43FB-8B10-24AE254FB884}"
EndProject
Project("{9A19103F-16F7-4668-BE54-9A1E7A4F7556}") = "ListDemo", "ListDemo\ListDemo.csproj", "{DDF8781B-20A5-44AC-9B15-8EC756DDD495}"
EndProject
Project("{9A19103F-16F7-4668-BE54-9A1E7A4F7556}") = "StringExercise", "StringExercise\StringExercise.csproj", "{B1BDE920-9D32-4417-ACAA-4F7E386B1F61}"
EndProject
Project("{9A19103F-16F7-4668-BE54-9A1E7A4F7556}") = "RefAndValueTypeDemo", "RefAndValueTypeDemo\RefAndValueTypeDemo.csproj", "{4B30446B-2D8B-4748-8924-C5685343CDB2}"
EndProject
Project("{9A19103F-16F7-4668-BE54-9A1E7A4F7556}") = "ArrayDemo1", "ArrayDemo1\ArrayDemo1.csproj", "{DDA416E5-D47A-4A9E-AD9B-A4801B4CFF25}"
EndProject
Project("{9A19103F-16F7-4668-BE54-9A1E7A4F7556}") = "HelloWorld", "HelloWorld\HelloWorld.csproj", "{7AA4A6F2-5052-4383-AABC-BF574AF0B023}"
EndProject
Project("{9A19103F-16F7-4668-BE54-9A1E7A4F7556}") = "ClassDemo1", "ClassDemo1\ClassDemo1.csproj", "{C4E1610C-7186-4B0E-A280-7835DD783960}"
EndProject
Project("{9A19103F-16F7-4668-BE54-9A1E7A4F7556}") = "RandomNumberDemo", "RandomNumberDemo\RandomNumberDemo.csproj", "{5A8D36E5-1D93-4F21-8A70-981CEDDB7F5E}"
EndProject
Project("{9A19103F-16F7-4668-BE54-9A1E7A4F7556}") = "RefAndValueTypeDemo1", "RefAndValueTypeDemo1\RefAndValueTypeDemo1.csproj", "{B2110B6E-8770-4B4E-AD07-74D8F232B230}"
EndProject
Project("{9A19103F-16F7-4668-BE54-9A1E7A4F7556}") = "stringDemo1", "stringDemo1\stringDemo1.csproj", "{81BACB91-3931-4114-8639-5410BB09716F}"
EndProject
Project("{9A19103F-16F7-4668-BE54-9A1E7A4F7556}") = "ExercisesFile", "ExercisesFile\ExercisesFile.csproj", "{D3E0290A-82E0-4C64-8907-0FA3DE665CE4}"
EndProject
Project("{9A19103F-16F7-4668-BE54-9A1E7A4F7556}") = "stringBuilderDemo", "stringBuilderDemo\stringBuilderDemo.csproj", "{D3E0290C-82E1-4C64-8907-0FA3DE665CE4}"
EndProject
Project("{9A19103F-16F7-4668-BE54-9A1E7A4F7556}") = "MoshUseEnum", "MoshUseEnum\MoshUseEnum.csproj", "{A3E0290C-82E1-4C64-8907-0FA3DE665CE4}"
EndProject
Project("{9A19103F-16F7-4668-BE54-9A1E7A4F7556}") = "MoshStringBuilder", "MoshStringBuilder\MoshStringBuilder.csproj", "{B3E0290C-82E1-4C64-8907-0FA3DE665CE4}"
EndProject
Project("{9A19103F-16F7-4668-BE54-9A1E7A4F7556}") = "MoshLoop", "MoshLoop\MoshLoop.csproj", "{C3E0290C-82E1-4C64-8907-0FA3DE665CE4}"
EndProject
Project("{9A19103F-16F7-4668-BE54-9A1E7A4F7556}") = "MoshListExercises", "MoshListExercises\MoshListExercises.csproj", "{B3E0300C-82E1-4C64-8907-0FA3DE665CE4}"
EndProject
Project("{9A19103F-16F7-4668-BE54-9A1E7A4F7556}") = "MoshList", "MoshList\MoshList.csproj", "{A3E0310C-82E1-4C64-8907-0FA3DE665CE4}"
EndProject
Project("{9A19103F-16F7-4668-BE54-9A1E7A4F7556}") = "MoshExerciseString", "MoshExerciseString\MoshExerciseString.csproj", "{B3E0302C-82E1-4C64-8907-0FA3DE665CE4}"
EndProject
Project("{9A19103F-16F7-4668-BE54-9A1E7A4F7556}") = "MoshExercise3", "MoshExercises\MoshExercise3.csproj", "{B3E0301C-82E1-4C64-8907-0FA3DE665CE4}"
EndProject
Project("{9A19103F-16F7-4668-BE54-9A1E7A4F7556}") = "ExercisesString", "ExercisesString\ExercisesString.csproj", "{DDFC3D6D-481C-405D-A20C-28E9FE53106C}"
EndProject
Project("{9A19103F-16F7-4668-BE54-9A1E7A4F7556}") = "IterationDemo", "IterationDemo\IterationDemo.csproj", "{DE7D5C17-4F52-4147-87F4-68184C8975C8}"
EndProject
Project("{9A19103F-16F7-4668-BE54-9A1E7A4F7556}") = "ListExercise2", "ListExercises\ListExercise2.csproj", "{C8A1731D-D5EF-413D-A9F4-61FD4E6B0FF8}"
EndProject
Project("{9A19103F-16F7-4668-BE54-9A1E7A4F7556}") = "LiveCoding1", "LiveCoding1\LiveCoding1.csproj", "{C7029484-963B-4ACF-9C60-8C60A1C604CF}"
EndProject
Project("{9A19103F-16F7-4668-BE54-9A1E7A4F7556}") = "LoopExercises", "LoopExercises\LoopExercises.csproj", "{62C18E61-C605-4A61-8E80-52BBC39040CA}"
EndProject
Project("{9A19103F-16F7-4668-BE54-9A1E7A4F7556}") = "MoshDateAndTime", "MoshDateAndTime\MoshDateAndTime.csproj", "{42D23C64-BDF3-4270-AA5C-2263D180E8BB}"
EndProject
Project("{9A19103F-16F7-4668-BE54-9A1E7A4F7556}") = "MoshExercise1", "MoshExercise1\MoshExercise1.csproj", "{E1B9BB6F-63C8-485C-9465-A3AC28D73766}"
EndProject
Project("{9A19103F-16F7-4668-BE54-9A1E7A4F7556}") = "ListDemo1", "ListDemo1\ListDemo1.csproj", "{91DB4BBA-8C6E-4A68-95C5-BC2BA8354FE4}"
EndProject
Project("{9A19103F-16F7-4668-BE54-9A1E7A4F7556}") = "Max", "Max\Max.csproj", "{8450DDF7-99BA-495B-A56C-EB0A288F64B3}"
EndProject
Project("{9A19103F-16F7-4668-BE54-9A1E7A4F7556}") = "SortListNumbers", "SortListNumbers\SortListNumbers.csproj", "{F73BCDC4-C93C-4CD0-9515-82E0AD420A7F}"
EndProject
Project("{9A19103F-16F7-4668-BE54-9A1E7A4F7556}") = "CheckUniques", "CheckUniques\CheckUniques.csproj", "{C2F85A4C-698F-473B-9ED9-CFA87EFAE7F5}"
EndProject
Project("{9A19103F-16F7-4668-BE54-9A1E7A4F7556}") = "CheckValidInsertNumber", "CheckValidInsertNumber\CheckValidInsertNumber.csproj", "{F923DE37-84C6-4059-85FE-868B440F01FC}"
EndProject
Project("{9A19103F-16F7-4668-BE54-9A1E7A4F7556}") = "ListExercise1", "ListExercise\ListExercise1.csproj", "{028BD50A-37F5-4701-8B58-620FB69DD8F8}"
EndProject
Project("{9A19103F-16F7-4668-BE54-9A1E7A4F7556}") = "EsempioConnessioneDB", "EsempioConnessioneDB\EsempioConnessioneDB.csproj", "{F56F854B-5F5D-4B72-ADFC-71468D64A298}"
EndProject
Project("{9A19103F-16F7-4668-BE54-9A1E7A4F7556}") = "MoshExercise2", "MoshExercise2\MoshExercise2.csproj", "{1A3B6021-7655-44DD-8E1A-382A24B8CCCC}"
EndProject
Project("{9A19103F-16F7-4668-BE54-9A1E7A4F7556}") = "PointClassExercise", "PointClassExercise\PointClassExercise.csproj", "{19FA09B2-F94A-47BE-BE70-5CF3735D2060}"
EndProject
Project("{9A19103F-16F7-4668-BE54-9A1E7A4F7556}") = "CalcFactorial", "CalcFactorial\CalcFactorial.csproj", "{4E2C3E0A-9CC8-4179-B4BA-9C7D6AF68493}"
EndProject
Project("{9A19103F-16F7-4668-BE54-9A1E7A4F7556}") = "GuessNumber", "GuessNumber\GuessNumber.csproj", "{33D226F4-42E9-4DEF-BECA-074B22AE0047}"
EndProject
Project("{9A19103F-16F7-4668-BE54-9A1E7A4F7556}") = "ReverseInputString", "ArrayListExercises\ReverseInputString.csproj", "{473AFDA1-2733-4F85-BD02-3D35BA3B6516}"
EndProject
Project("{9A19103F-16F7-4668-BE54-9A1E7A4F7556}") = "NumberOfLikes", "NumberOfLikes\NumberOfLikes.csproj", "{6BAB78DB-BB79-40D7-ABFE-07ACC683D599}"
EndProject
Project("{9A19103F-16F7-4668-BE54-9A1E7A4F7556}") = "AccessModifiersDemo", "AccessModifiersDemo\AccessModifiersDemo.csproj", "{A6E757DA-FC88-44DF-A546-4F76FB82BA3A}"
EndProject
Project("{9A19103F-16F7-4668-BE54-9A1E7A4F7556}") = "GenericsDemo", "GenericsDemo\GenericsDemo.csproj", "{DBD2D77C-C143-4592-A062-652288AAD2E3}"
EndProject
Project("{9A19103F-16F7-4668-BE54-9A1E7A4F7556}") = "NullableTypes", "NullableTypes\NullableTypes.csproj", "{EFF896CF-79AB-4AD0-BBAE-D08E408E67AA}"
EndProject
Project("{9A19103F-16F7-4668-BE54-9A1E7A4F7556}") = "Delegate", "Delegate\Delegate.csproj", "{3B595D2B-7BC5-4C87-A8DB-08E14DAA3B51}"
EndProject
Project("{9A19103F-16F7-4668-BE54-9A1E7A4F7556}") = "LinqDemo", "LinqDemo\LinqDemo.csproj", "{D8F29AE1-AC81-46C2-AF1F-FD73D8D0B3D8}"
EndProject
Project("{9A19103F-16F7-4668-BE54-9A1E7A4F7556}") = "EventsDelegateDemo", "EventsDelegateDemo\EventsDelegateDemo.csproj", "{3D356338-13FA-4286-925D-A86EF5719729}"
EndProject
Project("{9A19103F-16F7-4668-BE54-9A1E7A4F7556}") = "DynamicDemo", "DynamicDemo\DynamicDemo.csproj", "{11E56F92-8DD8-40F9-B738-0BCC3E9D37C1}"
EndProject
Project("{9A19103F-16F7-4668-BE54-9A1E7A4F7556}") = "CastingDemo", "CastingDemo\CastingDemo.csproj", "{19EAC204-6F22-4D8C-8E7C-561DDD82D170}"
EndProject
Project("{9A19103F-16F7-4668-BE54-9A1E7A4F7556}") = "ConstructorDemo", "ConstructorDemo\ConstructorDemo.csproj", "{FA589E3F-EA72-42D9-80D0-79AD8E0B603D}"
EndProject
Project("{9A19103F-16F7-4668-BE54-9A1E7A4F7556}") = "WorkFlowEngine", "WorkFlowEngine\WorkFlowEngine.csproj", "{0965670A-6EA5-4AB6-B70A-BB3967F02F7F}"
EndProject
Project("{9A19103F-16F7-4668-BE54-9A1E7A4F7556}") = "UpcastingDemo", "UpcastingDemo\UpcastingDemo.csproj", "{904BA054-3731-45A7-B7F3-47C653785E58}"
EndProject
Project("{9A19103F-16F7-4668-BE54-9A1E7A4F7556}") = "StringDemo", "StringDemo\StringDemo.csproj", "{5D50AB9E-7AEE-44F0-A857-72B5D7A22C17}"
EndProject
Project("{9A19103F-16F7-4668-BE54-9A1E7A4F7556}") = "StopWatchExercise", "StopWatchExercise\StopWatchExercise.csproj", "{3FAAFA53-6941-4221-B1C1-BF255B789533}"
EndProject
Project("{9A19103F-16F7-4668-BE54-9A1E7A4F7556}") = "StackExercise", "StackExercise\StackExercise.csproj", "{1510BA83-FD3D-42D8-94E6-1EBCA584E323}"
EndProject
Project("{9A19103F-16F7-4668-BE54-9A1E7A4F7556}") = "MethodOverriding", "MethodOverriding\MethodOverriding.csproj", "{B12E000C-C793-4826-92CC-4A298B114292}"
EndProject
Project("{9A19103F-16F7-4668-BE54-9A1E7A4F7556}") = "LambdaExpressions", "LambdaExpressions\LambdaExpressions.csproj", "{A4A38587-21CF-4706-A830-49536C70E6C4}"
EndProject
Project("{9A19103F-16F7-4668-BE54-9A1E7A4F7556}") = "DynamicBinding", "DynamicBinding\DynamicBinding.csproj", "{8E21C238-0467-4E91-A8FC-CD11F3CFDF2B}"
EndProject
Project("{9A19103F-16F7-4668-BE54-9A1E7A4F7556}") = "ExceptionHandling", "ExceptionHandling\ExceptionHandling.csproj", "{77C7B52E-309F-4B38-9D8E-6DEE2306BA06}"
EndProject
Project("{9A19103F-16F7-4668-BE54-9A1E7A4F7556}") = "ExtensionMethods", "ExtensionMethods\ExtensionMethods.csproj", "{E17464C0-6CF8-4638-8D63-B52D43ED4515}"
EndProject
Project("{9A19103F-16F7-4668-BE54-9A1E7A4F7556}") = "DatabaseConnectionExercise", "DatabaseConnectionExercise\DatabaseConnectionExercise.csproj", "{5DE4E3A5-B906-4BF7-A3EC-31A193F67D87}"
EndProject
Project("{9A19103F-16F7-4668-BE54-9A1E7A4F7556}") = "ArrayMethodsDemo", "ArrayClassMethodsDemo\ArrayMethodsDemo.csproj", "{4CADA129-BC95-48B4-9576-A95401AFCFB9}"
EndProject
Project("{9A19103F-16F7-4668-BE54-9A1E7A4F7556}") = "MonthNames", "MonthNames\MonthNames.csproj", "{493705FE-7AE9-46CA-9061-E978287B3389}"
EndProject
Project("{FAE04EC0-301F-11D3-BF4B-00C04F79EFBC}") = "TwoDimArrayDemo", "TwoDimArrayDemo\TwoDimArrayDemo.csproj", "{3D6F5ACC-DF34-4188-AF6F-110E2411D937}"
EndProject
Project("{FAE04EC0-301F-11D3-BF4B-00C04F79EFBC}") = "GameMap", "GameMap\GameMap.csproj", "{9BDE3E8B-01CD-489A-AB54-025ED8450B2F}"
EndProject
Global
	GlobalSection(SolutionConfigurationPlatforms) = preSolution
		Debug|Any CPU = Debug|Any CPU
		Release|Any CPU = Release|Any CPU
	EndGlobalSection
	GlobalSection(ProjectConfigurationPlatforms) = postSolution
		{41A803E1-68FE-4100-A854-EF5E776632BE}.Debug|Any CPU.ActiveCfg = Debug|Any CPU
		{41A803E1-68FE-4100-A854-EF5E776632BE}.Debug|Any CPU.Build.0 = Debug|Any CPU
		{41A803E1-68FE-4100-A854-EF5E776632BE}.Release|Any CPU.ActiveCfg = Release|Any CPU
		{41A803E1-68FE-4100-A854-EF5E776632BE}.Release|Any CPU.Build.0 = Release|Any CPU
		{BB7CB3A8-D386-4F96-8122-E75D309233E1}.Debug|Any CPU.ActiveCfg = Debug|Any CPU
		{BB7CB3A8-D386-4F96-8122-E75D309233E1}.Debug|Any CPU.Build.0 = Debug|Any CPU
		{BB7CB3A8-D386-4F96-8122-E75D309233E1}.Release|Any CPU.ActiveCfg = Release|Any CPU
		{BB7CB3A8-D386-4F96-8122-E75D309233E1}.Release|Any CPU.Build.0 = Release|Any CPU
		{923EDF7E-43C5-49E5-BDC2-337599C393A4}.Debug|Any CPU.ActiveCfg = Debug|Any CPU
		{923EDF7E-43C5-49E5-BDC2-337599C393A4}.Debug|Any CPU.Build.0 = Debug|Any CPU
		{923EDF7E-43C5-49E5-BDC2-337599C393A4}.Release|Any CPU.ActiveCfg = Release|Any CPU
		{923EDF7E-43C5-49E5-BDC2-337599C393A4}.Release|Any CPU.Build.0 = Release|Any CPU
		{272D6296-81A6-4838-9737-A8E484F19655}.Debug|Any CPU.ActiveCfg = Debug|Any CPU
		{272D6296-81A6-4838-9737-A8E484F19655}.Debug|Any CPU.Build.0 = Debug|Any CPU
		{272D6296-81A6-4838-9737-A8E484F19655}.Release|Any CPU.ActiveCfg = Release|Any CPU
		{272D6296-81A6-4838-9737-A8E484F19655}.Release|Any CPU.Build.0 = Release|Any CPU
		{84648CB6-8731-42EE-8F51-3E56C3FA0074}.Debug|Any CPU.ActiveCfg = Debug|Any CPU
		{84648CB6-8731-42EE-8F51-3E56C3FA0074}.Debug|Any CPU.Build.0 = Debug|Any CPU
		{84648CB6-8731-42EE-8F51-3E56C3FA0074}.Release|Any CPU.ActiveCfg = Release|Any CPU
		{84648CB6-8731-42EE-8F51-3E56C3FA0074}.Release|Any CPU.Build.0 = Release|Any CPU
		{F3948FD1-7750-450C-9822-2C526C4F4D85}.Debug|Any CPU.ActiveCfg = Debug|Any CPU
		{F3948FD1-7750-450C-9822-2C526C4F4D85}.Debug|Any CPU.Build.0 = Debug|Any CPU
		{F3948FD1-7750-450C-9822-2C526C4F4D85}.Release|Any CPU.ActiveCfg = Release|Any CPU
		{F3948FD1-7750-450C-9822-2C526C4F4D85}.Release|Any CPU.Build.0 = Release|Any CPU
		{94B3574B-18FF-41C6-8476-3871C0A1F02D}.Debug|Any CPU.ActiveCfg = Debug|Any CPU
		{94B3574B-18FF-41C6-8476-3871C0A1F02D}.Debug|Any CPU.Build.0 = Debug|Any CPU
		{94B3574B-18FF-41C6-8476-3871C0A1F02D}.Release|Any CPU.ActiveCfg = Release|Any CPU
		{94B3574B-18FF-41C6-8476-3871C0A1F02D}.Release|Any CPU.Build.0 = Release|Any CPU
		{28FB6B9A-269A-4E96-BAAC-C07440BAE0B5}.Debug|Any CPU.ActiveCfg = Debug|Any CPU
		{28FB6B9A-269A-4E96-BAAC-C07440BAE0B5}.Debug|Any CPU.Build.0 = Debug|Any CPU
		{28FB6B9A-269A-4E96-BAAC-C07440BAE0B5}.Release|Any CPU.ActiveCfg = Release|Any CPU
		{28FB6B9A-269A-4E96-BAAC-C07440BAE0B5}.Release|Any CPU.Build.0 = Release|Any CPU
		{759C4934-8D8B-4107-872A-51CE7BAF1D82}.Debug|Any CPU.ActiveCfg = Debug|Any CPU
		{759C4934-8D8B-4107-872A-51CE7BAF1D82}.Debug|Any CPU.Build.0 = Debug|Any CPU
		{759C4934-8D8B-4107-872A-51CE7BAF1D82}.Release|Any CPU.ActiveCfg = Release|Any CPU
		{759C4934-8D8B-4107-872A-51CE7BAF1D82}.Release|Any CPU.Build.0 = Release|Any CPU
		{0DC6F1EA-5D5E-43FB-8B10-24AE254FB884}.Debug|Any CPU.ActiveCfg = Debug|Any CPU
		{0DC6F1EA-5D5E-43FB-8B10-24AE254FB884}.Debug|Any CPU.Build.0 = Debug|Any CPU
		{0DC6F1EA-5D5E-43FB-8B10-24AE254FB884}.Release|Any CPU.ActiveCfg = Release|Any CPU
		{0DC6F1EA-5D5E-43FB-8B10-24AE254FB884}.Release|Any CPU.Build.0 = Release|Any CPU
		{DDF8781B-20A5-44AC-9B15-8EC756DDD495}.Debug|Any CPU.ActiveCfg = Debug|Any CPU
		{DDF8781B-20A5-44AC-9B15-8EC756DDD495}.Debug|Any CPU.Build.0 = Debug|Any CPU
		{DDF8781B-20A5-44AC-9B15-8EC756DDD495}.Release|Any CPU.ActiveCfg = Release|Any CPU
		{DDF8781B-20A5-44AC-9B15-8EC756DDD495}.Release|Any CPU.Build.0 = Release|Any CPU
		{B1BDE920-9D32-4417-ACAA-4F7E386B1F61}.Debug|Any CPU.ActiveCfg = Debug|Any CPU
		{B1BDE920-9D32-4417-ACAA-4F7E386B1F61}.Debug|Any CPU.Build.0 = Debug|Any CPU
		{B1BDE920-9D32-4417-ACAA-4F7E386B1F61}.Release|Any CPU.ActiveCfg = Release|Any CPU
		{B1BDE920-9D32-4417-ACAA-4F7E386B1F61}.Release|Any CPU.Build.0 = Release|Any CPU
		{4B30446B-2D8B-4748-8924-C5685343CDB2}.Debug|Any CPU.ActiveCfg = Debug|Any CPU
		{4B30446B-2D8B-4748-8924-C5685343CDB2}.Debug|Any CPU.Build.0 = Debug|Any CPU
		{4B30446B-2D8B-4748-8924-C5685343CDB2}.Release|Any CPU.ActiveCfg = Release|Any CPU
		{4B30446B-2D8B-4748-8924-C5685343CDB2}.Release|Any CPU.Build.0 = Release|Any CPU
		{DDA416E5-D47A-4A9E-AD9B-A4801B4CFF25}.Debug|Any CPU.ActiveCfg = Debug|Any CPU
		{DDA416E5-D47A-4A9E-AD9B-A4801B4CFF25}.Debug|Any CPU.Build.0 = Debug|Any CPU
		{DDA416E5-D47A-4A9E-AD9B-A4801B4CFF25}.Release|Any CPU.ActiveCfg = Release|Any CPU
		{DDA416E5-D47A-4A9E-AD9B-A4801B4CFF25}.Release|Any CPU.Build.0 = Release|Any CPU
		{7AA4A6F2-5052-4383-AABC-BF574AF0B023}.Debug|Any CPU.ActiveCfg = Debug|Any CPU
		{7AA4A6F2-5052-4383-AABC-BF574AF0B023}.Debug|Any CPU.Build.0 = Debug|Any CPU
		{7AA4A6F2-5052-4383-AABC-BF574AF0B023}.Release|Any CPU.ActiveCfg = Release|Any CPU
		{7AA4A6F2-5052-4383-AABC-BF574AF0B023}.Release|Any CPU.Build.0 = Release|Any CPU
		{C4E1610C-7186-4B0E-A280-7835DD783960}.Debug|Any CPU.ActiveCfg = Debug|Any CPU
		{C4E1610C-7186-4B0E-A280-7835DD783960}.Debug|Any CPU.Build.0 = Debug|Any CPU
		{C4E1610C-7186-4B0E-A280-7835DD783960}.Release|Any CPU.ActiveCfg = Release|Any CPU
		{C4E1610C-7186-4B0E-A280-7835DD783960}.Release|Any CPU.Build.0 = Release|Any CPU
		{5A8D36E5-1D93-4F21-8A70-981CEDDB7F5E}.Debug|Any CPU.ActiveCfg = Debug|Any CPU
		{5A8D36E5-1D93-4F21-8A70-981CEDDB7F5E}.Debug|Any CPU.Build.0 = Debug|Any CPU
		{5A8D36E5-1D93-4F21-8A70-981CEDDB7F5E}.Release|Any CPU.ActiveCfg = Release|Any CPU
		{5A8D36E5-1D93-4F21-8A70-981CEDDB7F5E}.Release|Any CPU.Build.0 = Release|Any CPU
		{B2110B6E-8770-4B4E-AD07-74D8F232B230}.Debug|Any CPU.ActiveCfg = Debug|Any CPU
		{B2110B6E-8770-4B4E-AD07-74D8F232B230}.Debug|Any CPU.Build.0 = Debug|Any CPU
		{B2110B6E-8770-4B4E-AD07-74D8F232B230}.Release|Any CPU.ActiveCfg = Release|Any CPU
		{B2110B6E-8770-4B4E-AD07-74D8F232B230}.Release|Any CPU.Build.0 = Release|Any CPU
		{81BACB91-3931-4114-8639-5410BB09716F}.Debug|Any CPU.ActiveCfg = Debug|Any CPU
		{81BACB91-3931-4114-8639-5410BB09716F}.Debug|Any CPU.Build.0 = Debug|Any CPU
		{81BACB91-3931-4114-8639-5410BB09716F}.Release|Any CPU.ActiveCfg = Release|Any CPU
		{81BACB91-3931-4114-8639-5410BB09716F}.Release|Any CPU.Build.0 = Release|Any CPU
		{D3E0290A-82E0-4C64-8907-0FA3DE665CE4}.Debug|Any CPU.ActiveCfg = Debug|Any CPU
		{D3E0290A-82E0-4C64-8907-0FA3DE665CE4}.Debug|Any CPU.Build.0 = Debug|Any CPU
		{D3E0290A-82E0-4C64-8907-0FA3DE665CE4}.Release|Any CPU.ActiveCfg = Release|Any CPU
		{D3E0290A-82E0-4C64-8907-0FA3DE665CE4}.Release|Any CPU.Build.0 = Release|Any CPU
		{D3E0290C-82E1-4C64-8907-0FA3DE665CE4}.Debug|Any CPU.ActiveCfg = Debug|Any CPU
		{D3E0290C-82E1-4C64-8907-0FA3DE665CE4}.Debug|Any CPU.Build.0 = Debug|Any CPU
		{D3E0290C-82E1-4C64-8907-0FA3DE665CE4}.Release|Any CPU.ActiveCfg = Release|Any CPU
		{D3E0290C-82E1-4C64-8907-0FA3DE665CE4}.Release|Any CPU.Build.0 = Release|Any CPU
		{A3E0290C-82E1-4C64-8907-0FA3DE665CE4}.Debug|Any CPU.ActiveCfg = Debug|Any CPU
		{A3E0290C-82E1-4C64-8907-0FA3DE665CE4}.Debug|Any CPU.Build.0 = Debug|Any CPU
		{A3E0290C-82E1-4C64-8907-0FA3DE665CE4}.Release|Any CPU.ActiveCfg = Release|Any CPU
		{A3E0290C-82E1-4C64-8907-0FA3DE665CE4}.Release|Any CPU.Build.0 = Release|Any CPU
		{B3E0290C-82E1-4C64-8907-0FA3DE665CE4}.Debug|Any CPU.ActiveCfg = Debug|Any CPU
		{B3E0290C-82E1-4C64-8907-0FA3DE665CE4}.Debug|Any CPU.Build.0 = Debug|Any CPU
		{B3E0290C-82E1-4C64-8907-0FA3DE665CE4}.Release|Any CPU.ActiveCfg = Release|Any CPU
		{B3E0290C-82E1-4C64-8907-0FA3DE665CE4}.Release|Any CPU.Build.0 = Release|Any CPU
		{C3E0290C-82E1-4C64-8907-0FA3DE665CE4}.Debug|Any CPU.ActiveCfg = Debug|Any CPU
		{C3E0290C-82E1-4C64-8907-0FA3DE665CE4}.Debug|Any CPU.Build.0 = Debug|Any CPU
		{C3E0290C-82E1-4C64-8907-0FA3DE665CE4}.Release|Any CPU.ActiveCfg = Release|Any CPU
		{C3E0290C-82E1-4C64-8907-0FA3DE665CE4}.Release|Any CPU.Build.0 = Release|Any CPU
		{B3E0300C-82E1-4C64-8907-0FA3DE665CE4}.Debug|Any CPU.ActiveCfg = Debug|Any CPU
		{B3E0300C-82E1-4C64-8907-0FA3DE665CE4}.Debug|Any CPU.Build.0 = Debug|Any CPU
		{B3E0300C-82E1-4C64-8907-0FA3DE665CE4}.Release|Any CPU.ActiveCfg = Release|Any CPU
		{B3E0300C-82E1-4C64-8907-0FA3DE665CE4}.Release|Any CPU.Build.0 = Release|Any CPU
		{A3E0310C-82E1-4C64-8907-0FA3DE665CE4}.Debug|Any CPU.ActiveCfg = Debug|Any CPU
		{A3E0310C-82E1-4C64-8907-0FA3DE665CE4}.Debug|Any CPU.Build.0 = Debug|Any CPU
		{A3E0310C-82E1-4C64-8907-0FA3DE665CE4}.Release|Any CPU.ActiveCfg = Release|Any CPU
		{A3E0310C-82E1-4C64-8907-0FA3DE665CE4}.Release|Any CPU.Build.0 = Release|Any CPU
		{B3E0302C-82E1-4C64-8907-0FA3DE665CE4}.Debug|Any CPU.ActiveCfg = Debug|Any CPU
		{B3E0302C-82E1-4C64-8907-0FA3DE665CE4}.Debug|Any CPU.Build.0 = Debug|Any CPU
		{B3E0302C-82E1-4C64-8907-0FA3DE665CE4}.Release|Any CPU.ActiveCfg = Release|Any CPU
		{B3E0302C-82E1-4C64-8907-0FA3DE665CE4}.Release|Any CPU.Build.0 = Release|Any CPU
		{B3E0301C-82E1-4C64-8907-0FA3DE665CE4}.Debug|Any CPU.ActiveCfg = Debug|Any CPU
		{B3E0301C-82E1-4C64-8907-0FA3DE665CE4}.Debug|Any CPU.Build.0 = Debug|Any CPU
		{B3E0301C-82E1-4C64-8907-0FA3DE665CE4}.Release|Any CPU.ActiveCfg = Release|Any CPU
		{B3E0301C-82E1-4C64-8907-0FA3DE665CE4}.Release|Any CPU.Build.0 = Release|Any CPU
		{DDFC3D6D-481C-405D-A20C-28E9FE53106C}.Debug|Any CPU.ActiveCfg = Debug|Any CPU
		{DDFC3D6D-481C-405D-A20C-28E9FE53106C}.Debug|Any CPU.Build.0 = Debug|Any CPU
		{DDFC3D6D-481C-405D-A20C-28E9FE53106C}.Release|Any CPU.ActiveCfg = Release|Any CPU
		{DDFC3D6D-481C-405D-A20C-28E9FE53106C}.Release|Any CPU.Build.0 = Release|Any CPU
		{DE7D5C17-4F52-4147-87F4-68184C8975C8}.Debug|Any CPU.ActiveCfg = Debug|Any CPU
		{DE7D5C17-4F52-4147-87F4-68184C8975C8}.Debug|Any CPU.Build.0 = Debug|Any CPU
		{DE7D5C17-4F52-4147-87F4-68184C8975C8}.Release|Any CPU.ActiveCfg = Release|Any CPU
		{DE7D5C17-4F52-4147-87F4-68184C8975C8}.Release|Any CPU.Build.0 = Release|Any CPU
		{C8A1731D-D5EF-413D-A9F4-61FD4E6B0FF8}.Debug|Any CPU.ActiveCfg = Debug|Any CPU
		{C8A1731D-D5EF-413D-A9F4-61FD4E6B0FF8}.Debug|Any CPU.Build.0 = Debug|Any CPU
		{C8A1731D-D5EF-413D-A9F4-61FD4E6B0FF8}.Release|Any CPU.ActiveCfg = Release|Any CPU
		{C8A1731D-D5EF-413D-A9F4-61FD4E6B0FF8}.Release|Any CPU.Build.0 = Release|Any CPU
		{C7029484-963B-4ACF-9C60-8C60A1C604CF}.Debug|Any CPU.ActiveCfg = Debug|Any CPU
		{C7029484-963B-4ACF-9C60-8C60A1C604CF}.Debug|Any CPU.Build.0 = Debug|Any CPU
		{C7029484-963B-4ACF-9C60-8C60A1C604CF}.Release|Any CPU.ActiveCfg = Release|Any CPU
		{C7029484-963B-4ACF-9C60-8C60A1C604CF}.Release|Any CPU.Build.0 = Release|Any CPU
		{62C18E61-C605-4A61-8E80-52BBC39040CA}.Debug|Any CPU.ActiveCfg = Debug|Any CPU
		{62C18E61-C605-4A61-8E80-52BBC39040CA}.Debug|Any CPU.Build.0 = Debug|Any CPU
		{62C18E61-C605-4A61-8E80-52BBC39040CA}.Release|Any CPU.ActiveCfg = Release|Any CPU
		{62C18E61-C605-4A61-8E80-52BBC39040CA}.Release|Any CPU.Build.0 = Release|Any CPU
		{42D23C64-BDF3-4270-AA5C-2263D180E8BB}.Debug|Any CPU.ActiveCfg = Debug|Any CPU
		{42D23C64-BDF3-4270-AA5C-2263D180E8BB}.Debug|Any CPU.Build.0 = Debug|Any CPU
		{42D23C64-BDF3-4270-AA5C-2263D180E8BB}.Release|Any CPU.ActiveCfg = Release|Any CPU
		{42D23C64-BDF3-4270-AA5C-2263D180E8BB}.Release|Any CPU.Build.0 = Release|Any CPU
		{E1B9BB6F-63C8-485C-9465-A3AC28D73766}.Debug|Any CPU.ActiveCfg = Debug|Any CPU
		{E1B9BB6F-63C8-485C-9465-A3AC28D73766}.Debug|Any CPU.Build.0 = Debug|Any CPU
		{E1B9BB6F-63C8-485C-9465-A3AC28D73766}.Release|Any CPU.ActiveCfg = Release|Any CPU
		{E1B9BB6F-63C8-485C-9465-A3AC28D73766}.Release|Any CPU.Build.0 = Release|Any CPU
		{91DB4BBA-8C6E-4A68-95C5-BC2BA8354FE4}.Debug|Any CPU.ActiveCfg = Debug|Any CPU
		{91DB4BBA-8C6E-4A68-95C5-BC2BA8354FE4}.Debug|Any CPU.Build.0 = Debug|Any CPU
		{91DB4BBA-8C6E-4A68-95C5-BC2BA8354FE4}.Release|Any CPU.ActiveCfg = Release|Any CPU
		{91DB4BBA-8C6E-4A68-95C5-BC2BA8354FE4}.Release|Any CPU.Build.0 = Release|Any CPU
		{8450DDF7-99BA-495B-A56C-EB0A288F64B3}.Debug|Any CPU.ActiveCfg = Debug|Any CPU
		{8450DDF7-99BA-495B-A56C-EB0A288F64B3}.Debug|Any CPU.Build.0 = Debug|Any CPU
		{8450DDF7-99BA-495B-A56C-EB0A288F64B3}.Release|Any CPU.ActiveCfg = Release|Any CPU
		{8450DDF7-99BA-495B-A56C-EB0A288F64B3}.Release|Any CPU.Build.0 = Release|Any CPU
		{F73BCDC4-C93C-4CD0-9515-82E0AD420A7F}.Debug|Any CPU.ActiveCfg = Debug|Any CPU
		{F73BCDC4-C93C-4CD0-9515-82E0AD420A7F}.Debug|Any CPU.Build.0 = Debug|Any CPU
		{F73BCDC4-C93C-4CD0-9515-82E0AD420A7F}.Release|Any CPU.ActiveCfg = Release|Any CPU
		{F73BCDC4-C93C-4CD0-9515-82E0AD420A7F}.Release|Any CPU.Build.0 = Release|Any CPU
		{C2F85A4C-698F-473B-9ED9-CFA87EFAE7F5}.Debug|Any CPU.ActiveCfg = Debug|Any CPU
		{C2F85A4C-698F-473B-9ED9-CFA87EFAE7F5}.Debug|Any CPU.Build.0 = Debug|Any CPU
		{C2F85A4C-698F-473B-9ED9-CFA87EFAE7F5}.Release|Any CPU.ActiveCfg = Release|Any CPU
		{C2F85A4C-698F-473B-9ED9-CFA87EFAE7F5}.Release|Any CPU.Build.0 = Release|Any CPU
		{F923DE37-84C6-4059-85FE-868B440F01FC}.Debug|Any CPU.ActiveCfg = Debug|Any CPU
		{F923DE37-84C6-4059-85FE-868B440F01FC}.Debug|Any CPU.Build.0 = Debug|Any CPU
		{F923DE37-84C6-4059-85FE-868B440F01FC}.Release|Any CPU.ActiveCfg = Release|Any CPU
		{F923DE37-84C6-4059-85FE-868B440F01FC}.Release|Any CPU.Build.0 = Release|Any CPU
		{028BD50A-37F5-4701-8B58-620FB69DD8F8}.Debug|Any CPU.ActiveCfg = Debug|Any CPU
		{028BD50A-37F5-4701-8B58-620FB69DD8F8}.Debug|Any CPU.Build.0 = Debug|Any CPU
		{028BD50A-37F5-4701-8B58-620FB69DD8F8}.Release|Any CPU.ActiveCfg = Release|Any CPU
		{028BD50A-37F5-4701-8B58-620FB69DD8F8}.Release|Any CPU.Build.0 = Release|Any CPU
		{F56F854B-5F5D-4B72-ADFC-71468D64A298}.Debug|Any CPU.ActiveCfg = Debug|Any CPU
		{F56F854B-5F5D-4B72-ADFC-71468D64A298}.Debug|Any CPU.Build.0 = Debug|Any CPU
		{F56F854B-5F5D-4B72-ADFC-71468D64A298}.Release|Any CPU.ActiveCfg = Release|Any CPU
		{F56F854B-5F5D-4B72-ADFC-71468D64A298}.Release|Any CPU.Build.0 = Release|Any CPU
		{1A3B6021-7655-44DD-8E1A-382A24B8CCCC}.Debug|Any CPU.ActiveCfg = Debug|Any CPU
		{1A3B6021-7655-44DD-8E1A-382A24B8CCCC}.Debug|Any CPU.Build.0 = Debug|Any CPU
		{1A3B6021-7655-44DD-8E1A-382A24B8CCCC}.Release|Any CPU.ActiveCfg = Release|Any CPU
		{1A3B6021-7655-44DD-8E1A-382A24B8CCCC}.Release|Any CPU.Build.0 = Release|Any CPU
		{19FA09B2-F94A-47BE-BE70-5CF3735D2060}.Debug|Any CPU.ActiveCfg = Debug|Any CPU
		{19FA09B2-F94A-47BE-BE70-5CF3735D2060}.Debug|Any CPU.Build.0 = Debug|Any CPU
		{19FA09B2-F94A-47BE-BE70-5CF3735D2060}.Release|Any CPU.ActiveCfg = Release|Any CPU
		{19FA09B2-F94A-47BE-BE70-5CF3735D2060}.Release|Any CPU.Build.0 = Release|Any CPU
		{4E2C3E0A-9CC8-4179-B4BA-9C7D6AF68493}.Debug|Any CPU.ActiveCfg = Debug|Any CPU
		{4E2C3E0A-9CC8-4179-B4BA-9C7D6AF68493}.Debug|Any CPU.Build.0 = Debug|Any CPU
		{4E2C3E0A-9CC8-4179-B4BA-9C7D6AF68493}.Release|Any CPU.ActiveCfg = Release|Any CPU
		{4E2C3E0A-9CC8-4179-B4BA-9C7D6AF68493}.Release|Any CPU.Build.0 = Release|Any CPU
		{33D226F4-42E9-4DEF-BECA-074B22AE0047}.Debug|Any CPU.ActiveCfg = Debug|Any CPU
		{33D226F4-42E9-4DEF-BECA-074B22AE0047}.Debug|Any CPU.Build.0 = Debug|Any CPU
		{33D226F4-42E9-4DEF-BECA-074B22AE0047}.Release|Any CPU.ActiveCfg = Release|Any CPU
		{33D226F4-42E9-4DEF-BECA-074B22AE0047}.Release|Any CPU.Build.0 = Release|Any CPU
		{473AFDA1-2733-4F85-BD02-3D35BA3B6516}.Debug|Any CPU.ActiveCfg = Debug|Any CPU
		{473AFDA1-2733-4F85-BD02-3D35BA3B6516}.Debug|Any CPU.Build.0 = Debug|Any CPU
		{473AFDA1-2733-4F85-BD02-3D35BA3B6516}.Release|Any CPU.ActiveCfg = Release|Any CPU
		{473AFDA1-2733-4F85-BD02-3D35BA3B6516}.Release|Any CPU.Build.0 = Release|Any CPU
		{6BAB78DB-BB79-40D7-ABFE-07ACC683D599}.Debug|Any CPU.ActiveCfg = Debug|Any CPU
		{6BAB78DB-BB79-40D7-ABFE-07ACC683D599}.Debug|Any CPU.Build.0 = Debug|Any CPU
		{6BAB78DB-BB79-40D7-ABFE-07ACC683D599}.Release|Any CPU.ActiveCfg = Release|Any CPU
		{6BAB78DB-BB79-40D7-ABFE-07ACC683D599}.Release|Any CPU.Build.0 = Release|Any CPU
		{A6E757DA-FC88-44DF-A546-4F76FB82BA3A}.Debug|Any CPU.ActiveCfg = Debug|Any CPU
		{A6E757DA-FC88-44DF-A546-4F76FB82BA3A}.Debug|Any CPU.Build.0 = Debug|Any CPU
		{A6E757DA-FC88-44DF-A546-4F76FB82BA3A}.Release|Any CPU.ActiveCfg = Release|Any CPU
		{A6E757DA-FC88-44DF-A546-4F76FB82BA3A}.Release|Any CPU.Build.0 = Release|Any CPU
		{DBD2D77C-C143-4592-A062-652288AAD2E3}.Debug|Any CPU.ActiveCfg = Debug|Any CPU
		{DBD2D77C-C143-4592-A062-652288AAD2E3}.Debug|Any CPU.Build.0 = Debug|Any CPU
		{DBD2D77C-C143-4592-A062-652288AAD2E3}.Release|Any CPU.ActiveCfg = Release|Any CPU
		{DBD2D77C-C143-4592-A062-652288AAD2E3}.Release|Any CPU.Build.0 = Release|Any CPU
		{EFF896CF-79AB-4AD0-BBAE-D08E408E67AA}.Debug|Any CPU.ActiveCfg = Debug|Any CPU
		{EFF896CF-79AB-4AD0-BBAE-D08E408E67AA}.Debug|Any CPU.Build.0 = Debug|Any CPU
		{EFF896CF-79AB-4AD0-BBAE-D08E408E67AA}.Release|Any CPU.ActiveCfg = Release|Any CPU
		{EFF896CF-79AB-4AD0-BBAE-D08E408E67AA}.Release|Any CPU.Build.0 = Release|Any CPU
		{3B595D2B-7BC5-4C87-A8DB-08E14DAA3B51}.Debug|Any CPU.ActiveCfg = Debug|Any CPU
		{3B595D2B-7BC5-4C87-A8DB-08E14DAA3B51}.Debug|Any CPU.Build.0 = Debug|Any CPU
		{3B595D2B-7BC5-4C87-A8DB-08E14DAA3B51}.Release|Any CPU.ActiveCfg = Release|Any CPU
		{3B595D2B-7BC5-4C87-A8DB-08E14DAA3B51}.Release|Any CPU.Build.0 = Release|Any CPU
		{D8F29AE1-AC81-46C2-AF1F-FD73D8D0B3D8}.Debug|Any CPU.ActiveCfg = Debug|Any CPU
		{D8F29AE1-AC81-46C2-AF1F-FD73D8D0B3D8}.Debug|Any CPU.Build.0 = Debug|Any CPU
		{D8F29AE1-AC81-46C2-AF1F-FD73D8D0B3D8}.Release|Any CPU.ActiveCfg = Release|Any CPU
		{D8F29AE1-AC81-46C2-AF1F-FD73D8D0B3D8}.Release|Any CPU.Build.0 = Release|Any CPU
		{3D356338-13FA-4286-925D-A86EF5719729}.Debug|Any CPU.ActiveCfg = Debug|Any CPU
		{3D356338-13FA-4286-925D-A86EF5719729}.Debug|Any CPU.Build.0 = Debug|Any CPU
		{3D356338-13FA-4286-925D-A86EF5719729}.Release|Any CPU.ActiveCfg = Release|Any CPU
		{3D356338-13FA-4286-925D-A86EF5719729}.Release|Any CPU.Build.0 = Release|Any CPU
		{11E56F92-8DD8-40F9-B738-0BCC3E9D37C1}.Debug|Any CPU.ActiveCfg = Debug|Any CPU
		{11E56F92-8DD8-40F9-B738-0BCC3E9D37C1}.Debug|Any CPU.Build.0 = Debug|Any CPU
		{11E56F92-8DD8-40F9-B738-0BCC3E9D37C1}.Release|Any CPU.ActiveCfg = Release|Any CPU
		{11E56F92-8DD8-40F9-B738-0BCC3E9D37C1}.Release|Any CPU.Build.0 = Release|Any CPU
		{19EAC204-6F22-4D8C-8E7C-561DDD82D170}.Debug|Any CPU.ActiveCfg = Debug|Any CPU
		{19EAC204-6F22-4D8C-8E7C-561DDD82D170}.Debug|Any CPU.Build.0 = Debug|Any CPU
		{19EAC204-6F22-4D8C-8E7C-561DDD82D170}.Release|Any CPU.ActiveCfg = Release|Any CPU
		{19EAC204-6F22-4D8C-8E7C-561DDD82D170}.Release|Any CPU.Build.0 = Release|Any CPU
		{FA589E3F-EA72-42D9-80D0-79AD8E0B603D}.Debug|Any CPU.ActiveCfg = Debug|Any CPU
		{FA589E3F-EA72-42D9-80D0-79AD8E0B603D}.Debug|Any CPU.Build.0 = Debug|Any CPU
		{FA589E3F-EA72-42D9-80D0-79AD8E0B603D}.Release|Any CPU.ActiveCfg = Release|Any CPU
		{FA589E3F-EA72-42D9-80D0-79AD8E0B603D}.Release|Any CPU.Build.0 = Release|Any CPU
		{0965670A-6EA5-4AB6-B70A-BB3967F02F7F}.Debug|Any CPU.ActiveCfg = Debug|Any CPU
		{0965670A-6EA5-4AB6-B70A-BB3967F02F7F}.Debug|Any CPU.Build.0 = Debug|Any CPU
		{0965670A-6EA5-4AB6-B70A-BB3967F02F7F}.Release|Any CPU.ActiveCfg = Release|Any CPU
		{0965670A-6EA5-4AB6-B70A-BB3967F02F7F}.Release|Any CPU.Build.0 = Release|Any CPU
		{904BA054-3731-45A7-B7F3-47C653785E58}.Debug|Any CPU.ActiveCfg = Debug|Any CPU
		{904BA054-3731-45A7-B7F3-47C653785E58}.Debug|Any CPU.Build.0 = Debug|Any CPU
		{904BA054-3731-45A7-B7F3-47C653785E58}.Release|Any CPU.ActiveCfg = Release|Any CPU
		{904BA054-3731-45A7-B7F3-47C653785E58}.Release|Any CPU.Build.0 = Release|Any CPU
		{5D50AB9E-7AEE-44F0-A857-72B5D7A22C17}.Debug|Any CPU.ActiveCfg = Debug|Any CPU
		{5D50AB9E-7AEE-44F0-A857-72B5D7A22C17}.Debug|Any CPU.Build.0 = Debug|Any CPU
		{5D50AB9E-7AEE-44F0-A857-72B5D7A22C17}.Release|Any CPU.ActiveCfg = Release|Any CPU
		{5D50AB9E-7AEE-44F0-A857-72B5D7A22C17}.Release|Any CPU.Build.0 = Release|Any CPU
		{3FAAFA53-6941-4221-B1C1-BF255B789533}.Debug|Any CPU.ActiveCfg = Debug|Any CPU
		{3FAAFA53-6941-4221-B1C1-BF255B789533}.Debug|Any CPU.Build.0 = Debug|Any CPU
		{3FAAFA53-6941-4221-B1C1-BF255B789533}.Release|Any CPU.ActiveCfg = Release|Any CPU
		{3FAAFA53-6941-4221-B1C1-BF255B789533}.Release|Any CPU.Build.0 = Release|Any CPU
		{1510BA83-FD3D-42D8-94E6-1EBCA584E323}.Debug|Any CPU.ActiveCfg = Debug|Any CPU
		{1510BA83-FD3D-42D8-94E6-1EBCA584E323}.Debug|Any CPU.Build.0 = Debug|Any CPU
		{1510BA83-FD3D-42D8-94E6-1EBCA584E323}.Release|Any CPU.ActiveCfg = Release|Any CPU
		{1510BA83-FD3D-42D8-94E6-1EBCA584E323}.Release|Any CPU.Build.0 = Release|Any CPU
		{B12E000C-C793-4826-92CC-4A298B114292}.Debug|Any CPU.ActiveCfg = Debug|Any CPU
		{B12E000C-C793-4826-92CC-4A298B114292}.Debug|Any CPU.Build.0 = Debug|Any CPU
		{B12E000C-C793-4826-92CC-4A298B114292}.Release|Any CPU.ActiveCfg = Release|Any CPU
		{B12E000C-C793-4826-92CC-4A298B114292}.Release|Any CPU.Build.0 = Release|Any CPU
		{A4A38587-21CF-4706-A830-49536C70E6C4}.Debug|Any CPU.ActiveCfg = Debug|Any CPU
		{A4A38587-21CF-4706-A830-49536C70E6C4}.Debug|Any CPU.Build.0 = Debug|Any CPU
		{A4A38587-21CF-4706-A830-49536C70E6C4}.Release|Any CPU.ActiveCfg = Release|Any CPU
		{A4A38587-21CF-4706-A830-49536C70E6C4}.Release|Any CPU.Build.0 = Release|Any CPU
		{8E21C238-0467-4E91-A8FC-CD11F3CFDF2B}.Debug|Any CPU.ActiveCfg = Debug|Any CPU
		{8E21C238-0467-4E91-A8FC-CD11F3CFDF2B}.Debug|Any CPU.Build.0 = Debug|Any CPU
		{8E21C238-0467-4E91-A8FC-CD11F3CFDF2B}.Release|Any CPU.ActiveCfg = Release|Any CPU
		{8E21C238-0467-4E91-A8FC-CD11F3CFDF2B}.Release|Any CPU.Build.0 = Release|Any CPU
		{77C7B52E-309F-4B38-9D8E-6DEE2306BA06}.Debug|Any CPU.ActiveCfg = Debug|Any CPU
		{77C7B52E-309F-4B38-9D8E-6DEE2306BA06}.Debug|Any CPU.Build.0 = Debug|Any CPU
		{77C7B52E-309F-4B38-9D8E-6DEE2306BA06}.Release|Any CPU.ActiveCfg = Release|Any CPU
		{77C7B52E-309F-4B38-9D8E-6DEE2306BA06}.Release|Any CPU.Build.0 = Release|Any CPU
		{E17464C0-6CF8-4638-8D63-B52D43ED4515}.Debug|Any CPU.ActiveCfg = Debug|Any CPU
		{E17464C0-6CF8-4638-8D63-B52D43ED4515}.Debug|Any CPU.Build.0 = Debug|Any CPU
		{E17464C0-6CF8-4638-8D63-B52D43ED4515}.Release|Any CPU.ActiveCfg = Release|Any CPU
		{E17464C0-6CF8-4638-8D63-B52D43ED4515}.Release|Any CPU.Build.0 = Release|Any CPU
		{5DE4E3A5-B906-4BF7-A3EC-31A193F67D87}.Debug|Any CPU.ActiveCfg = Debug|Any CPU
		{5DE4E3A5-B906-4BF7-A3EC-31A193F67D87}.Debug|Any CPU.Build.0 = Debug|Any CPU
		{5DE4E3A5-B906-4BF7-A3EC-31A193F67D87}.Release|Any CPU.ActiveCfg = Release|Any CPU
		{5DE4E3A5-B906-4BF7-A3EC-31A193F67D87}.Release|Any CPU.Build.0 = Release|Any CPU
		{4CADA129-BC95-48B4-9576-A95401AFCFB9}.Debug|Any CPU.ActiveCfg = Debug|Any CPU
		{4CADA129-BC95-48B4-9576-A95401AFCFB9}.Debug|Any CPU.Build.0 = Debug|Any CPU
		{4CADA129-BC95-48B4-9576-A95401AFCFB9}.Release|Any CPU.ActiveCfg = Release|Any CPU
		{4CADA129-BC95-48B4-9576-A95401AFCFB9}.Release|Any CPU.Build.0 = Release|Any CPU
		{493705FE-7AE9-46CA-9061-E978287B3389}.Debug|Any CPU.ActiveCfg = Debug|Any CPU
		{493705FE-7AE9-46CA-9061-E978287B3389}.Debug|Any CPU.Build.0 = Debug|Any CPU
		{493705FE-7AE9-46CA-9061-E978287B3389}.Release|Any CPU.ActiveCfg = Release|Any CPU
		{493705FE-7AE9-46CA-9061-E978287B3389}.Release|Any CPU.Build.0 = Release|Any CPU
		{3D6F5ACC-DF34-4188-AF6F-110E2411D937}.Debug|Any CPU.ActiveCfg = Debug|Any CPU
		{3D6F5ACC-DF34-4188-AF6F-110E2411D937}.Debug|Any CPU.Build.0 = Debug|Any CPU
		{3D6F5ACC-DF34-4188-AF6F-110E2411D937}.Release|Any CPU.ActiveCfg = Release|Any CPU
		{3D6F5ACC-DF34-4188-AF6F-110E2411D937}.Release|Any CPU.Build.0 = Release|Any CPU
		{9BDE3E8B-01CD-489A-AB54-025ED8450B2F}.Debug|Any CPU.ActiveCfg = Debug|Any CPU
		{9BDE3E8B-01CD-489A-AB54-025ED8450B2F}.Debug|Any CPU.Build.0 = Debug|Any CPU
		{9BDE3E8B-01CD-489A-AB54-025ED8450B2F}.Release|Any CPU.ActiveCfg = Release|Any CPU
		{9BDE3E8B-01CD-489A-AB54-025ED8450B2F}.Release|Any CPU.Build.0 = Release|Any CPU
	EndGlobalSection
	GlobalSection(SolutionProperties) = preSolution
		HideSolutionNode = FALSE
	EndGlobalSection
	GlobalSection(ExtensibilityGlobals) = postSolution
		SolutionGuid = {465B98ED-E026-414A-993F-1FDEE1977EF0}
	EndGlobalSection
EndGlobal
